
Microsoft Visual Studio Solution File, Format Version 12.00
# Visual Studio Version 17
VisualStudioVersion = 17.13.35825.156 d17.13
MinimumVisualStudioVersion = 10.0.40219.1
Project("{FAE04EC0-301F-11D3-BF4B-00C04F79EFBC}") = "Pizzeria Projekt Schule", "Pizzeria Projekt Schule.csproj", "{C76BD76F-2987-427F-BD0A-A5D1B75F0E94}"
EndProject
Global
	GlobalSection(SolutionConfigurationPlatforms) = preSolution
		Debug|Any CPU = Debug|Any CPU
		Release|Any CPU = Release|Any CPU
	EndGlobalSection
	GlobalSection(ProjectConfigurationPlatforms) = postSolution
		{C76BD76F-2987-427F-BD0A-A5D1B75F0E94}.Debug|Any CPU.ActiveCfg = Debug|Any CPU
		{C76BD76F-2987-427F-BD0A-A5D1B75F0E94}.Debug|Any CPU.Build.0 = Debug|Any CPU
		{C76BD76F-2987-427F-BD0A-A5D1B75F0E94}.Release|Any CPU.ActiveCfg = Release|Any CPU
		{C76BD76F-2987-427F-BD0A-A5D1B75F0E94}.Release|Any CPU.Build.0 = Release|Any CPU
	EndGlobalSection
	GlobalSection(SolutionProperties) = preSolution
		HideSolutionNode = FALSE
	EndGlobalSection
	GlobalSection(ExtensibilityGlobals) = postSolution
		SolutionGuid = {6C1DE0B1-4151-4452-A11B-7BD6FFBDB933}
	EndGlobalSection
EndGlobal
